
Microsoft Visual Studio Solution File, Format Version 12.00
# Visual Studio 15
VisualStudioVersion = 15.0.27130.2020
MinimumVisualStudioVersion = 10.0.40219.1
Project("{FAE04EC0-301F-11D3-BF4B-00C04F79EFBC}") = "InsertionSort", "Sorting\InsertionSort\InsertionSort.csproj", "{3DFA946D-109A-4085-BE46-7B336DC89EF6}"
EndProject
Project("{2150E333-8FDC-42A3-9474-1A3956D46DE8}") = "Sorting", "Sorting", "{4583BE4A-F19D-4325-99E0-135E6955522A}"
EndProject
Global
	GlobalSection(SolutionConfigurationPlatforms) = preSolution
		Debug|Any CPU = Debug|Any CPU
		Release|Any CPU = Release|Any CPU
	EndGlobalSection
	GlobalSection(ProjectConfigurationPlatforms) = postSolution
		{3DFA946D-109A-4085-BE46-7B336DC89EF6}.Debug|Any CPU.ActiveCfg = Debug|Any CPU
		{3DFA946D-109A-4085-BE46-7B336DC89EF6}.Debug|Any CPU.Build.0 = Debug|Any CPU
		{3DFA946D-109A-4085-BE46-7B336DC89EF6}.Release|Any CPU.ActiveCfg = Release|Any CPU
		{3DFA946D-109A-4085-BE46-7B336DC89EF6}.Release|Any CPU.Build.0 = Release|Any CPU
	EndGlobalSection
	GlobalSection(SolutionProperties) = preSolution
		HideSolutionNode = FALSE
	EndGlobalSection
	GlobalSection(NestedProjects) = preSolution
		{3DFA946D-109A-4085-BE46-7B336DC89EF6} = {4583BE4A-F19D-4325-99E0-135E6955522A}
	EndGlobalSection
	GlobalSection(ExtensibilityGlobals) = postSolution
		SolutionGuid = {9ED6B7CE-4DC8-4C5F-9826-D36E3D1FC581}
	EndGlobalSection
EndGlobal
